
Microsoft Visual Studio Solution File, Format Version 12.00
# Visual Studio Version 16
VisualStudioVersion = 16.0.30011.22
MinimumVisualStudioVersion = 10.0.40219.1
Project("{FAE04EC0-301F-11D3-BF4B-00C04F79EFBC}") = "WeatherApp", "WeatherApp\WeatherApp.csproj", "{D9BE6B51-E48F-4814-A74C-05D0F502BF0F}"
EndProject
Global
	GlobalSection(SolutionConfigurationPlatforms) = preSolution
		Debug|ARM = Debug|ARM
		Debug|ARM64 = Debug|ARM64
		Debug|x64 = Debug|x64
		Debug|x86 = Debug|x86
		Release|ARM = Release|ARM
		Release|ARM64 = Release|ARM64
		Release|x64 = Release|x64
		Release|x86 = Release|x86
	EndGlobalSection
	GlobalSection(ProjectConfigurationPlatforms) = postSolution
		{D9BE6B51-E48F-4814-A74C-05D0F502BF0F}.Debug|ARM.ActiveCfg = Debug|ARM
		{D9BE6B51-E48F-4814-A74C-05D0F502BF0F}.Debug|ARM.Build.0 = Debug|ARM
		{D9BE6B51-E48F-4814-A74C-05D0F502BF0F}.Debug|ARM.Deploy.0 = Debug|ARM
		{D9BE6B51-E48F-4814-A74C-05D0F502BF0F}.Debug|ARM64.ActiveCfg = Debug|ARM64
		{D9BE6B51-E48F-4814-A74C-05D0F502BF0F}.Debug|ARM64.Build.0 = Debug|ARM64
		{D9BE6B51-E48F-4814-A74C-05D0F502BF0F}.Debug|ARM64.Deploy.0 = Debug|ARM64
		{D9BE6B51-E48F-4814-A74C-05D0F502BF0F}.Debug|x64.ActiveCfg = Debug|x64
		{D9BE6B51-E48F-4814-A74C-05D0F502BF0F}.Debug|x64.Build.0 = Debug|x64
		{D9BE6B51-E48F-4814-A74C-05D0F502BF0F}.Debug|x64.Deploy.0 = Debug|x64
		{D9BE6B51-E48F-4814-A74C-05D0F502BF0F}.Debug|x86.ActiveCfg = Debug|x86
		{D9BE6B51-E48F-4814-A74C-05D0F502BF0F}.Debug|x86.Build.0 = Debug|x86
		{D9BE6B51-E48F-4814-A74C-05D0F502BF0F}.Debug|x86.Deploy.0 = Debug|x86
		{D9BE6B51-E48F-4814-A74C-05D0F502BF0F}.Release|ARM.ActiveCfg = Release|ARM
		{D9BE6B51-E48F-4814-A74C-05D0F502BF0F}.Release|ARM.Build.0 = Release|ARM
		{D9BE6B51-E48F-4814-A74C-05D0F502BF0F}.Release|ARM.Deploy.0 = Release|ARM
		{D9BE6B51-E48F-4814-A74C-05D0F502BF0F}.Release|ARM64.ActiveCfg = Release|ARM64
		{D9BE6B51-E48F-4814-A74C-05D0F502BF0F}.Release|ARM64.Build.0 = Release|ARM64
		{D9BE6B51-E48F-4814-A74C-05D0F502BF0F}.Release|ARM64.Deploy.0 = Release|ARM64
		{D9BE6B51-E48F-4814-A74C-05D0F502BF0F}.Release|x64.ActiveCfg = Release|x64
		{D9BE6B51-E48F-4814-A74C-05D0F502BF0F}.Release|x64.Build.0 = Release|x64
		{D9BE6B51-E48F-4814-A74C-05D0F502BF0F}.Release|x64.Deploy.0 = Release|x64
		{D9BE6B51-E48F-4814-A74C-05D0F502BF0F}.Release|x86.ActiveCfg = Release|x86
		{D9BE6B51-E48F-4814-A74C-05D0F502BF0F}.Release|x86.Build.0 = Release|x86
		{D9BE6B51-E48F-4814-A74C-05D0F502BF0F}.Release|x86.Deploy.0 = Release|x86
	EndGlobalSection
	GlobalSection(SolutionProperties) = preSolution
		HideSolutionNode = FALSE
	EndGlobalSection
	GlobalSection(ExtensibilityGlobals) = postSolution
		SolutionGuid = {C1CF4205-41C0-486C-9D81-9C850FCB0630}
	EndGlobalSection
EndGlobal
